
Microsoft Visual Studio Solution File, Format Version 12.00
# Visual Studio Version 16
VisualStudioVersion = 16.0.31005.135
MinimumVisualStudioVersion = 10.0.40219.1
Project("{FAE04EC0-301F-11D3-BF4B-00C04F79EFBC}") = "HospitalScheduler", "HospitalScheduler\HospitalScheduler.csproj", "{8099A938-3D26-4C05-B1F0-8808A51437C6}"
EndProject
Global
	GlobalSection(SolutionConfigurationPlatforms) = preSolution
		Debug|Any CPU = Debug|Any CPU
		Release|Any CPU = Release|Any CPU
	EndGlobalSection
	GlobalSection(ProjectConfigurationPlatforms) = postSolution
		{8099A938-3D26-4C05-B1F0-8808A51437C6}.Debug|Any CPU.ActiveCfg = Debug|Any CPU
		{8099A938-3D26-4C05-B1F0-8808A51437C6}.Debug|Any CPU.Build.0 = Debug|Any CPU
		{8099A938-3D26-4C05-B1F0-8808A51437C6}.Release|Any CPU.ActiveCfg = Release|Any CPU
		{8099A938-3D26-4C05-B1F0-8808A51437C6}.Release|Any CPU.Build.0 = Release|Any CPU
	EndGlobalSection
	GlobalSection(SolutionProperties) = preSolution
		HideSolutionNode = FALSE
	EndGlobalSection
	GlobalSection(ExtensibilityGlobals) = postSolution
		SolutionGuid = {05153DA3-182D-4A2F-970E-8D9375AB6ED2}
	EndGlobalSection
EndGlobal
